// !$*UTF8*$!
{
	archiveVersion = 1;
	classes = {
	};
	objectVersion = 46;
	objects = {

/* Begin PBXAggregateTarget section */
		"iog infrastructure::IoG InfrastructurePackageTests::ProductTarget" /* IoGInfrastructurePackageTests */ = {
			isa = PBXAggregateTarget;
			buildConfigurationList = OBJ_40 /* Build configuration list for PBXAggregateTarget "IoGInfrastructurePackageTests" */;
			buildPhases = (
			);
			dependencies = (
				OBJ_43 /* PBXTargetDependency */,
			);
			name = IoGInfrastructurePackageTests;
			productName = "IoG InfrastructurePackageTests";
		};
/* End PBXAggregateTarget section */

/* Begin PBXBuildFile section */
		8E298CE92861936B00D4ACFF /* IoGGQLManager.swift in Sources */ = {isa = PBXBuildFile; fileRef = 8E298CE82861936B00D4ACFF /* IoGGQLManager.swift */; };
		8E298CF42869A07E00D4ACFF /* IoGGQLManagerTests.swift in Sources */ = {isa = PBXBuildFile; fileRef = 8E298CF32869A07E00D4ACFF /* IoGGQLManagerTests.swift */; };
		8E298CF6286A8FE800D4ACFF /* TestFlightDetails.swift in Sources */ = {isa = PBXBuildFile; fileRef = 8E298CF5286A8FE800D4ACFF /* TestFlightDetails.swift */; };
		8E298CF9286A964C00D4ACFF /* TestRoute.swift in Sources */ = {isa = PBXBuildFile; fileRef = 8E298CF8286A964C00D4ACFF /* TestRoute.swift */; };
		8E298CFB286A97EB00D4ACFF /* TestPassenger.swift in Sources */ = {isa = PBXBuildFile; fileRef = 8E298CFA286A97EB00D4ACFF /* TestPassenger.swift */; };
		8E298CFF286AACF800D4ACFF /* TestFlight.swift in Sources */ = {isa = PBXBuildFile; fileRef = 8E298CFE286AACF800D4ACFF /* TestFlight.swift */; };
		8E298D03286CD5A600D4ACFF /* IoGGQLDataObject.swift in Sources */ = {isa = PBXBuildFile; fileRef = 8E298D02286CD5A600D4ACFF /* IoGGQLDataObject.swift */; };
		8E76F5DB285712740043F6B5 /* EncryptionKeyManager.swift in Sources */ = {isa = PBXBuildFile; fileRef = 8E76F5C8285712740043F6B5 /* EncryptionKeyManager.swift */; };
		8E76F5DC285712740043F6B5 /* IoGConfigurationManager.swift in Sources */ = {isa = PBXBuildFile; fileRef = 8E76F5CA285712740043F6B5 /* IoGConfigurationManager.swift */; };
		8E76F5DD285712740043F6B5 /* IoGDataObject.swift in Sources */ = {isa = PBXBuildFile; fileRef = 8E76F5CC285712740043F6B5 /* IoGDataObject.swift */; };
		8E76F5DE285712740043F6B5 /* IoGDataObjectManager.swift in Sources */ = {isa = PBXBuildFile; fileRef = 8E76F5CD285712740043F6B5 /* IoGDataObjectManager.swift */; };
		8E76F5DF285712740043F6B5 /* IoGRetryManager.swift in Sources */ = {isa = PBXBuildFile; fileRef = 8E76F5CF285712740043F6B5 /* IoGRetryManager.swift */; };
		8E76F5E0285712740043F6B5 /* IoGPersistenceManager.swift in Sources */ = {isa = PBXBuildFile; fileRef = 8E76F5D1285712740043F6B5 /* IoGPersistenceManager.swift */; };
		8E76F5E1285712740043F6B5 /* IoGDataRequestResponse.swift in Sources */ = {isa = PBXBuildFile; fileRef = 8E76F5D3285712740043F6B5 /* IoGDataRequestResponse.swift */; };
		8E76F5E2285712740043F6B5 /* IoGMockDataManager.swift in Sources */ = {isa = PBXBuildFile; fileRef = 8E76F5D4285712740043F6B5 /* IoGMockDataManager.swift */; };
		8E76F5E3285712740043F6B5 /* IoGMockDataRequestResponse.swift in Sources */ = {isa = PBXBuildFile; fileRef = 8E76F5D5285712740043F6B5 /* IoGMockDataRequestResponse.swift */; };
		8E76F5E4285712740043F6B5 /* IoGDataManager.swift in Sources */ = {isa = PBXBuildFile; fileRef = 8E76F5D6285712740043F6B5 /* IoGDataManager.swift */; };
		8E76F5E5285712740043F6B5 /* IoGLiveDataRequestResponse.swift in Sources */ = {isa = PBXBuildFile; fileRef = 8E76F5D7285712740043F6B5 /* IoGLiveDataRequestResponse.swift */; };
		8E76F5E6285712740043F6B5 /* IoGLiveDataManager.swift in Sources */ = {isa = PBXBuildFile; fileRef = 8E76F5D8285712740043F6B5 /* IoGLiveDataManager.swift */; };
		8EF416692871094F006E43D7 /* TestDependent.swift in Sources */ = {isa = PBXBuildFile; fileRef = 8EF416682871094F006E43D7 /* TestDependent.swift */; };
		OBJ_38 /* Package.swift in Sources */ = {isa = PBXBuildFile; fileRef = OBJ_6 /* Package.swift */; };
		OBJ_49 /* EncryptionKeyManagerTests.swift in Sources */ = {isa = PBXBuildFile; fileRef = OBJ_13 /* EncryptionKeyManagerTests.swift */; };
		OBJ_50 /* IoGDataManagerTests.swift in Sources */ = {isa = PBXBuildFile; fileRef = OBJ_14 /* IoGDataManagerTests.swift */; };
		OBJ_51 /* IoGDataParsingTests.swift in Sources */ = {isa = PBXBuildFile; fileRef = OBJ_15 /* IoGDataParsingTests.swift */; };
		OBJ_52 /* IoGPersistenceManagerTests.swift in Sources */ = {isa = PBXBuildFile; fileRef = OBJ_16 /* IoGPersistenceManagerTests.swift */; };
		OBJ_53 /* IoGRetryManagerTests.swift in Sources */ = {isa = PBXBuildFile; fileRef = OBJ_17 /* IoGRetryManagerTests.swift */; };
		OBJ_54 /* IoGTestConfigurationManager.swift in Sources */ = {isa = PBXBuildFile; fileRef = OBJ_18 /* IoGTestConfigurationManager.swift */; };
		OBJ_55 /* TestComputerObject.swift in Sources */ = {isa = PBXBuildFile; fileRef = OBJ_20 /* TestComputerObject.swift */; };
		OBJ_57 /* IoGInfrastructure.framework in Frameworks */ = {isa = PBXBuildFile; fileRef = "iog infrastructure::IoG Infrastructure::Product" /* IoGInfrastructure.framework */; };
/* End PBXBuildFile section */

/* Begin PBXContainerItemProxy section */
		8E76F5C3285710EB0043F6B5 /* PBXContainerItemProxy */ = {
			isa = PBXContainerItemProxy;
			containerPortal = OBJ_1 /* Project object */;
			proxyType = 1;
			remoteGlobalIDString = "iog infrastructure::IoGInfrastructureTests";
			remoteInfo = IoGInfrastructureTests;
		};
		8E76F5C4285710EB0043F6B5 /* PBXContainerItemProxy */ = {
			isa = PBXContainerItemProxy;
			containerPortal = OBJ_1 /* Project object */;
			proxyType = 1;
			remoteGlobalIDString = "iog infrastructure::IoG Infrastructure";
			remoteInfo = "IoG Infrastructure";
		};
/* End PBXContainerItemProxy section */

/* Begin PBXFileReference section */
		8E298CE62861829000D4ACFF /* IoGInfrastructure.doccarchive */ = {isa = PBXFileReference; lastKnownFileType = wrapper; path = IoGInfrastructure.doccarchive; sourceTree = "<group>"; };
		8E298CE82861936B00D4ACFF /* IoGGQLManager.swift */ = {isa = PBXFileReference; lastKnownFileType = sourcecode.swift; path = IoGGQLManager.swift; sourceTree = "<group>"; };
		8E298CF32869A07E00D4ACFF /* IoGGQLManagerTests.swift */ = {isa = PBXFileReference; lastKnownFileType = sourcecode.swift; path = IoGGQLManagerTests.swift; sourceTree = "<group>"; };
		8E298CF5286A8FE800D4ACFF /* TestFlightDetails.swift */ = {isa = PBXFileReference; lastKnownFileType = sourcecode.swift; path = TestFlightDetails.swift; sourceTree = "<group>"; };
		8E298CF8286A964C00D4ACFF /* TestRoute.swift */ = {isa = PBXFileReference; lastKnownFileType = sourcecode.swift; path = TestRoute.swift; sourceTree = "<group>"; };
		8E298CFA286A97EB00D4ACFF /* TestPassenger.swift */ = {isa = PBXFileReference; lastKnownFileType = sourcecode.swift; path = TestPassenger.swift; sourceTree = "<group>"; };
		8E298CFE286AACF800D4ACFF /* TestFlight.swift */ = {isa = PBXFileReference; lastKnownFileType = sourcecode.swift; path = TestFlight.swift; sourceTree = "<group>"; };
		8E298D02286CD5A600D4ACFF /* IoGGQLDataObject.swift */ = {isa = PBXFileReference; lastKnownFileType = sourcecode.swift; path = IoGGQLDataObject.swift; sourceTree = "<group>"; };
		8E76F5C8285712740043F6B5 /* EncryptionKeyManager.swift */ = {isa = PBXFileReference; fileEncoding = 4; lastKnownFileType = sourcecode.swift; path = EncryptionKeyManager.swift; sourceTree = "<group>"; };
		8E76F5CA285712740043F6B5 /* IoGConfigurationManager.swift */ = {isa = PBXFileReference; fileEncoding = 4; lastKnownFileType = sourcecode.swift; path = IoGConfigurationManager.swift; sourceTree = "<group>"; };
		8E76F5CC285712740043F6B5 /* IoGDataObject.swift */ = {isa = PBXFileReference; fileEncoding = 4; lastKnownFileType = sourcecode.swift; path = IoGDataObject.swift; sourceTree = "<group>"; };
		8E76F5CD285712740043F6B5 /* IoGDataObjectManager.swift */ = {isa = PBXFileReference; fileEncoding = 4; lastKnownFileType = sourcecode.swift; path = IoGDataObjectManager.swift; sourceTree = "<group>"; };
		8E76F5CF285712740043F6B5 /* IoGRetryManager.swift */ = {isa = PBXFileReference; fileEncoding = 4; lastKnownFileType = sourcecode.swift; path = IoGRetryManager.swift; sourceTree = "<group>"; };
		8E76F5D1285712740043F6B5 /* IoGPersistenceManager.swift */ = {isa = PBXFileReference; fileEncoding = 4; lastKnownFileType = sourcecode.swift; path = IoGPersistenceManager.swift; sourceTree = "<group>"; };
		8E76F5D3285712740043F6B5 /* IoGDataRequestResponse.swift */ = {isa = PBXFileReference; fileEncoding = 4; lastKnownFileType = sourcecode.swift; path = IoGDataRequestResponse.swift; sourceTree = "<group>"; };
		8E76F5D4285712740043F6B5 /* IoGMockDataManager.swift */ = {isa = PBXFileReference; fileEncoding = 4; lastKnownFileType = sourcecode.swift; path = IoGMockDataManager.swift; sourceTree = "<group>"; };
		8E76F5D5285712740043F6B5 /* IoGMockDataRequestResponse.swift */ = {isa = PBXFileReference; fileEncoding = 4; lastKnownFileType = sourcecode.swift; path = IoGMockDataRequestResponse.swift; sourceTree = "<group>"; };
		8E76F5D6285712740043F6B5 /* IoGDataManager.swift */ = {isa = PBXFileReference; fileEncoding = 4; lastKnownFileType = sourcecode.swift; path = IoGDataManager.swift; sourceTree = "<group>"; };
		8E76F5D7285712740043F6B5 /* IoGLiveDataRequestResponse.swift */ = {isa = PBXFileReference; fileEncoding = 4; lastKnownFileType = sourcecode.swift; path = IoGLiveDataRequestResponse.swift; sourceTree = "<group>"; };
		8E76F5D8285712740043F6B5 /* IoGLiveDataManager.swift */ = {isa = PBXFileReference; fileEncoding = 4; lastKnownFileType = sourcecode.swift; path = IoGLiveDataManager.swift; sourceTree = "<group>"; };
		8E76F5D9285712740043F6B5 /* Info.plist */ = {isa = PBXFileReference; fileEncoding = 4; lastKnownFileType = text.plist.xml; path = Info.plist; sourceTree = "<group>"; };
		8E76F5DA285712740043F6B5 /* IoGInfrastructure.h */ = {isa = PBXFileReference; fileEncoding = 4; lastKnownFileType = sourcecode.c.h; path = IoGInfrastructure.h; sourceTree = "<group>"; };
		8EF416682871094F006E43D7 /* TestDependent.swift */ = {isa = PBXFileReference; lastKnownFileType = sourcecode.swift; path = TestDependent.swift; sourceTree = "<group>"; };
		OBJ_12 /* Info.plist */ = {isa = PBXFileReference; lastKnownFileType = text.plist.xml; path = Info.plist; sourceTree = "<group>"; };
		OBJ_13 /* EncryptionKeyManagerTests.swift */ = {isa = PBXFileReference; lastKnownFileType = sourcecode.swift; path = EncryptionKeyManagerTests.swift; sourceTree = "<group>"; };
		OBJ_14 /* IoGDataManagerTests.swift */ = {isa = PBXFileReference; lastKnownFileType = sourcecode.swift; path = IoGDataManagerTests.swift; sourceTree = "<group>"; };
		OBJ_15 /* IoGDataParsingTests.swift */ = {isa = PBXFileReference; lastKnownFileType = sourcecode.swift; path = IoGDataParsingTests.swift; sourceTree = "<group>"; };
		OBJ_16 /* IoGPersistenceManagerTests.swift */ = {isa = PBXFileReference; lastKnownFileType = sourcecode.swift; path = IoGPersistenceManagerTests.swift; sourceTree = "<group>"; };
		OBJ_17 /* IoGRetryManagerTests.swift */ = {isa = PBXFileReference; lastKnownFileType = sourcecode.swift; path = IoGRetryManagerTests.swift; sourceTree = "<group>"; };
		OBJ_18 /* IoGTestConfigurationManager.swift */ = {isa = PBXFileReference; lastKnownFileType = sourcecode.swift; path = IoGTestConfigurationManager.swift; sourceTree = "<group>"; };
		OBJ_20 /* TestComputerObject.swift */ = {isa = PBXFileReference; lastKnownFileType = sourcecode.swift; path = TestComputerObject.swift; sourceTree = "<group>"; };
		OBJ_24 /* WhatWasIThinking */ = {isa = PBXFileReference; lastKnownFileType = text; path = WhatWasIThinking; sourceTree = "<group>"; };
		OBJ_25 /* README.md */ = {isa = PBXFileReference; lastKnownFileType = net.daringfireball.markdown; path = README.md; sourceTree = "<group>"; };
		OBJ_6 /* Package.swift */ = {isa = PBXFileReference; explicitFileType = sourcecode.swift; path = Package.swift; sourceTree = "<group>"; };
		"iog infrastructure::IoG Infrastructure::Product" /* IoGInfrastructure.framework */ = {isa = PBXFileReference; explicitFileType = wrapper.framework; path = IoGInfrastructure.framework; sourceTree = BUILT_PRODUCTS_DIR; };
		"iog infrastructure::IoGInfrastructureTests::Product" /* IoGInfrastructureTests.xctest */ = {isa = PBXFileReference; explicitFileType = wrapper.cfbundle; path = IoGInfrastructureTests.xctest; sourceTree = BUILT_PRODUCTS_DIR; };
/* End PBXFileReference section */

/* Begin PBXFrameworksBuildPhase section */
		OBJ_32 /* Frameworks */ = {
			isa = PBXFrameworksBuildPhase;
			buildActionMask = 0;
			files = (
			);
			runOnlyForDeploymentPostprocessing = 0;
		};
		OBJ_56 /* Frameworks */ = {
			isa = PBXFrameworksBuildPhase;
			buildActionMask = 0;
			files = (
				OBJ_57 /* IoGInfrastructure.framework in Frameworks */,
			);
			runOnlyForDeploymentPostprocessing = 0;
		};
/* End PBXFrameworksBuildPhase section */

/* Begin PBXGroup section */
		8E298CE7286191EC00D4ACFF /* GraphQL */ = {
			isa = PBXGroup;
			children = (
				8E298CE82861936B00D4ACFF /* IoGGQLManager.swift */,
				8E298D02286CD5A600D4ACFF /* IoGGQLDataObject.swift */,
			);
			path = GraphQL;
			sourceTree = "<group>";
		};
		8E76F5C5285712740043F6B5 /* IoGInfrastructure */ = {
			isa = PBXGroup;
			children = (
				8E76F5C6285712740043F6B5 /* Managers */,
				8E76F5D9285712740043F6B5 /* Info.plist */,
				8E76F5DA285712740043F6B5 /* IoGInfrastructure.h */,
			);
			name = IoGInfrastructure;
			path = Source/IoGInfrastructure;
			sourceTree = "<group>";
		};
		8E76F5C6285712740043F6B5 /* Managers */ = {
			isa = PBXGroup;
			children = (
				8E76F5C7285712740043F6B5 /* Encryption */,
				8E76F5C9285712740043F6B5 /* Configuration */,
				8E76F5CB285712740043F6B5 /* Data Parsing */,
				8E76F5CE285712740043F6B5 /* Retry */,
				8E76F5D0285712740043F6B5 /* Persistence */,
				8E76F5D2285712740043F6B5 /* RemoteData */,
				8E298CE7286191EC00D4ACFF /* GraphQL */,
			);
			path = Managers;
			sourceTree = "<group>";
		};
		8E76F5C7285712740043F6B5 /* Encryption */ = {
			isa = PBXGroup;
			children = (
				8E76F5C8285712740043F6B5 /* EncryptionKeyManager.swift */,
			);
			path = Encryption;
			sourceTree = "<group>";
		};
		8E76F5C9285712740043F6B5 /* Configuration */ = {
			isa = PBXGroup;
			children = (
				8E76F5CA285712740043F6B5 /* IoGConfigurationManager.swift */,
			);
			path = Configuration;
			sourceTree = "<group>";
		};
		8E76F5CB285712740043F6B5 /* Data Parsing */ = {
			isa = PBXGroup;
			children = (
				8E76F5CC285712740043F6B5 /* IoGDataObject.swift */,
				8E76F5CD285712740043F6B5 /* IoGDataObjectManager.swift */,
			);
			path = "Data Parsing";
			sourceTree = "<group>";
		};
		8E76F5CE285712740043F6B5 /* Retry */ = {
			isa = PBXGroup;
			children = (
				8E76F5CF285712740043F6B5 /* IoGRetryManager.swift */,
			);
			path = Retry;
			sourceTree = "<group>";
		};
		8E76F5D0285712740043F6B5 /* Persistence */ = {
			isa = PBXGroup;
			children = (
				8E76F5D1285712740043F6B5 /* IoGPersistenceManager.swift */,
			);
			path = Persistence;
			sourceTree = "<group>";
		};
		8E76F5D2285712740043F6B5 /* RemoteData */ = {
			isa = PBXGroup;
			children = (
				8E76F5D3285712740043F6B5 /* IoGDataRequestResponse.swift */,
				8E76F5D4285712740043F6B5 /* IoGMockDataManager.swift */,
				8E76F5D5285712740043F6B5 /* IoGMockDataRequestResponse.swift */,
				8E76F5D6285712740043F6B5 /* IoGDataManager.swift */,
				8E76F5D7285712740043F6B5 /* IoGLiveDataRequestResponse.swift */,
				8E76F5D8285712740043F6B5 /* IoGLiveDataManager.swift */,
			);
			path = RemoteData;
			sourceTree = "<group>";
		};
		OBJ_10 /* Tests */ = {
			isa = PBXGroup;
			children = (
				OBJ_11 /* IoGInfrastructureTests */,
			);
			name = Tests;
			sourceTree = SOURCE_ROOT;
		};
		OBJ_11 /* IoGInfrastructureTests */ = {
			isa = PBXGroup;
			children = (
				OBJ_12 /* Info.plist */,
				OBJ_13 /* EncryptionKeyManagerTests.swift */,
				OBJ_14 /* IoGDataManagerTests.swift */,
				OBJ_15 /* IoGDataParsingTests.swift */,
				OBJ_16 /* IoGPersistenceManagerTests.swift */,
				OBJ_17 /* IoGRetryManagerTests.swift */,
				OBJ_18 /* IoGTestConfigurationManager.swift */,
				8E298CF32869A07E00D4ACFF /* IoGGQLManagerTests.swift */,
				OBJ_19 /* Test Business Objects */,
			);
			name = IoGInfrastructureTests;
			path = Tests/IoGInfrastructureTests;
			sourceTree = SOURCE_ROOT;
		};
		OBJ_19 /* Test Business Objects */ = {
			isa = PBXGroup;
			children = (
				OBJ_20 /* TestComputerObject.swift */,
				8E298CF5286A8FE800D4ACFF /* TestFlightDetails.swift */,
				8E298CF8286A964C00D4ACFF /* TestRoute.swift */,
				8E298CFA286A97EB00D4ACFF /* TestPassenger.swift */,
				8EF416682871094F006E43D7 /* TestDependent.swift */,
				8E298CFE286AACF800D4ACFF /* TestFlight.swift */,
			);
			path = "Test Business Objects";
			sourceTree = "<group>";
		};
		OBJ_21 /* Products */ = {
			isa = PBXGroup;
			children = (
				"iog infrastructure::IoG Infrastructure::Product" /* IoGInfrastructure.framework */,
				"iog infrastructure::IoGInfrastructureTests::Product" /* IoGInfrastructureTests.xctest */,
			);
			name = Products;
			sourceTree = BUILT_PRODUCTS_DIR;
		};
		OBJ_5 = {
			isa = PBXGroup;
			children = (
				OBJ_25 /* README.md */,
				OBJ_6 /* Package.swift */,
				OBJ_24 /* WhatWasIThinking */,
				8E298CE62861829000D4ACFF /* IoGInfrastructure.doccarchive */,
				OBJ_7 /* Sources */,
				OBJ_10 /* Tests */,
				OBJ_21 /* Products */,
			);
			sourceTree = "<group>";
		};
		OBJ_7 /* Sources */ = {
			isa = PBXGroup;
			children = (
				8E76F5C5285712740043F6B5 /* IoGInfrastructure */,
			);
			name = Sources;
			sourceTree = SOURCE_ROOT;
		};
/* End PBXGroup section */

/* Begin PBXNativeTarget section */
		"iog infrastructure::IoG Infrastructure" /* IoGInfrastructure */ = {
			isa = PBXNativeTarget;
			buildConfigurationList = OBJ_27 /* Build configuration list for PBXNativeTarget "IoGInfrastructure" */;
			buildPhases = (
				OBJ_30 /* Sources */,
				OBJ_32 /* Frameworks */,
			);
			buildRules = (
			);
			dependencies = (
			);
			name = IoGInfrastructure;
			productName = IoG_Infrastructure;
			productReference = "iog infrastructure::IoG Infrastructure::Product" /* IoGInfrastructure.framework */;
			productType = "com.apple.product-type.framework";
		};
		"iog infrastructure::IoGInfrastructureTests" /* IoGInfrastructureTests */ = {
			isa = PBXNativeTarget;
			buildConfigurationList = OBJ_45 /* Build configuration list for PBXNativeTarget "IoGInfrastructureTests" */;
			buildPhases = (
				OBJ_48 /* Sources */,
				OBJ_56 /* Frameworks */,
			);
			buildRules = (
			);
			dependencies = (
				OBJ_58 /* PBXTargetDependency */,
			);
			name = IoGInfrastructureTests;
			productName = IoGInfrastructureTests;
			productReference = "iog infrastructure::IoGInfrastructureTests::Product" /* IoGInfrastructureTests.xctest */;
			productType = "com.apple.product-type.bundle.unit-test";
		};
		"iog infrastructure::SwiftPMPackageDescription" /* IoGInfrastructurePackageDescription */ = {
			isa = PBXNativeTarget;
			buildConfigurationList = OBJ_34 /* Build configuration list for PBXNativeTarget "IoGInfrastructurePackageDescription" */;
			buildPhases = (
				OBJ_37 /* Sources */,
			);
			buildRules = (
			);
			dependencies = (
			);
			name = IoGInfrastructurePackageDescription;
			productName = "IoG InfrastructurePackageDescription";
			productType = "com.apple.product-type.framework";
		};
/* End PBXNativeTarget section */

/* Begin PBXProject section */
		OBJ_1 /* Project object */ = {
			isa = PBXProject;
			attributes = {
				LastSwiftMigration = 9999;
				LastUpgradeCheck = 1340;
			};
			buildConfigurationList = OBJ_2 /* Build configuration list for PBXProject "IoGInfrastructure" */;
			compatibilityVersion = "Xcode 3.2";
			developmentRegion = en;
			hasScannedForEncodings = 0;
			knownRegions = (
				en,
				Base,
			);
			mainGroup = OBJ_5;
			productRefGroup = OBJ_21 /* Products */;
			projectDirPath = "";
			projectRoot = "";
			targets = (
				"iog infrastructure::IoG Infrastructure" /* IoGInfrastructure */,
				"iog infrastructure::SwiftPMPackageDescription" /* IoGInfrastructurePackageDescription */,
				"iog infrastructure::IoG InfrastructurePackageTests::ProductTarget" /* IoGInfrastructurePackageTests */,
				"iog infrastructure::IoGInfrastructureTests" /* IoGInfrastructureTests */,
			);
		};
/* End PBXProject section */

/* Begin PBXSourcesBuildPhase section */
		OBJ_30 /* Sources */ = {
			isa = PBXSourcesBuildPhase;
			buildActionMask = 0;
			files = (
				8E76F5E5285712740043F6B5 /* IoGLiveDataRequestResponse.swift in Sources */,
				8E76F5E2285712740043F6B5 /* IoGMockDataManager.swift in Sources */,
				8E76F5E1285712740043F6B5 /* IoGDataRequestResponse.swift in Sources */,
				8E76F5DF285712740043F6B5 /* IoGRetryManager.swift in Sources */,
				8E76F5E6285712740043F6B5 /* IoGLiveDataManager.swift in Sources */,
				8E76F5DC285712740043F6B5 /* IoGConfigurationManager.swift in Sources */,
				8E76F5DB285712740043F6B5 /* EncryptionKeyManager.swift in Sources */,
				8E76F5E4285712740043F6B5 /* IoGDataManager.swift in Sources */,
				8E76F5DD285712740043F6B5 /* IoGDataObject.swift in Sources */,
				8E76F5E3285712740043F6B5 /* IoGMockDataRequestResponse.swift in Sources */,
				8E298CE92861936B00D4ACFF /* IoGGQLManager.swift in Sources */,
				8E76F5DE285712740043F6B5 /* IoGDataObjectManager.swift in Sources */,
				8E76F5E0285712740043F6B5 /* IoGPersistenceManager.swift in Sources */,
				8E298D03286CD5A600D4ACFF /* IoGGQLDataObject.swift in Sources */,
			);
			runOnlyForDeploymentPostprocessing = 0;
		};
		OBJ_37 /* Sources */ = {
			isa = PBXSourcesBuildPhase;
			buildActionMask = 0;
			files = (
				OBJ_38 /* Package.swift in Sources */,
			);
			runOnlyForDeploymentPostprocessing = 0;
		};
		OBJ_48 /* Sources */ = {
			isa = PBXSourcesBuildPhase;
			buildActionMask = 0;
			files = (
				8E298CF6286A8FE800D4ACFF /* TestFlightDetails.swift in Sources */,
				8E298CFF286AACF800D4ACFF /* TestFlight.swift in Sources */,
				OBJ_49 /* EncryptionKeyManagerTests.swift in Sources */,
				OBJ_50 /* IoGDataManagerTests.swift in Sources */,
				8E298CF9286A964C00D4ACFF /* TestRoute.swift in Sources */,
				OBJ_51 /* IoGDataParsingTests.swift in Sources */,
				OBJ_52 /* IoGPersistenceManagerTests.swift in Sources */,
				8E298CF42869A07E00D4ACFF /* IoGGQLManagerTests.swift in Sources */,
				OBJ_53 /* IoGRetryManagerTests.swift in Sources */,
				OBJ_54 /* IoGTestConfigurationManager.swift in Sources */,
				8E298CFB286A97EB00D4ACFF /* TestPassenger.swift in Sources */,
				OBJ_55 /* TestComputerObject.swift in Sources */,
				8EF416692871094F006E43D7 /* TestDependent.swift in Sources */,
			);
			runOnlyForDeploymentPostprocessing = 0;
		};
/* End PBXSourcesBuildPhase section */

/* Begin PBXTargetDependency section */
		OBJ_43 /* PBXTargetDependency */ = {
			isa = PBXTargetDependency;
			target = "iog infrastructure::IoGInfrastructureTests" /* IoGInfrastructureTests */;
			targetProxy = 8E76F5C3285710EB0043F6B5 /* PBXContainerItemProxy */;
		};
		OBJ_58 /* PBXTargetDependency */ = {
			isa = PBXTargetDependency;
			target = "iog infrastructure::IoG Infrastructure" /* IoGInfrastructure */;
			targetProxy = 8E76F5C4285710EB0043F6B5 /* PBXContainerItemProxy */;
		};
/* End PBXTargetDependency section */

/* Begin XCBuildConfiguration section */
		OBJ_28 /* Debug */ = {
			isa = XCBuildConfiguration;
			buildSettings = {
				CURRENT_PROJECT_VERSION = 14;
				DRIVERKIT_DEPLOYMENT_TARGET = 19.0;
				ENABLE_TESTABILITY = YES;
				FRAMEWORK_SEARCH_PATHS = (
					"$(inherited)",
					"$(PLATFORM_DIR)/Developer/Library/Frameworks",
				);
				HEADER_SEARCH_PATHS = "$(inherited)";
				INFOPLIST_FILE = IoGInfrastructure.xcodeproj/IoG_Infrastructure_Info.plist;
				IPHONEOS_DEPLOYMENT_TARGET = 13.0;
				LD_RUNPATH_SEARCH_PATHS = "$(inherited) $(TOOLCHAIN_DIR)/usr/lib/swift/macosx";
				MACOSX_DEPLOYMENT_TARGET = 10.10;
				MARKETING_VERSION = 3.7;
				OTHER_CFLAGS = "$(inherited)";
				OTHER_LDFLAGS = "$(inherited)";
				OTHER_SWIFT_FLAGS = "$(inherited)";
				PRODUCT_BUNDLE_IDENTIFIER = IoGInfrastructure;
				PRODUCT_MODULE_NAME = "$(TARGET_NAME:c99extidentifier)";
				PRODUCT_NAME = "$(TARGET_NAME:c99extidentifier)";
				SKIP_INSTALL = YES;
				SWIFT_ACTIVE_COMPILATION_CONDITIONS = "$(inherited)";
				SWIFT_VERSION = 5.0;
				TARGET_NAME = IoGInfrastructure;
				TVOS_DEPLOYMENT_TARGET = 13.0;
				WATCHOS_DEPLOYMENT_TARGET = 7.0;
			};
			name = Debug;
		};
		OBJ_29 /* Release */ = {
			isa = XCBuildConfiguration;
			buildSettings = {
				CURRENT_PROJECT_VERSION = 14;
				DRIVERKIT_DEPLOYMENT_TARGET = 19.0;
				ENABLE_TESTABILITY = YES;
				FRAMEWORK_SEARCH_PATHS = (
					"$(inherited)",
					"$(PLATFORM_DIR)/Developer/Library/Frameworks",
				);
				HEADER_SEARCH_PATHS = "$(inherited)";
				INFOPLIST_FILE = IoGInfrastructure.xcodeproj/IoG_Infrastructure_Info.plist;
				IPHONEOS_DEPLOYMENT_TARGET = 13.0;
				LD_RUNPATH_SEARCH_PATHS = "$(inherited) $(TOOLCHAIN_DIR)/usr/lib/swift/macosx";
				MACOSX_DEPLOYMENT_TARGET = 10.10;
				MARKETING_VERSION = 3.7;
				OTHER_CFLAGS = "$(inherited)";
				OTHER_LDFLAGS = "$(inherited)";
				OTHER_SWIFT_FLAGS = "$(inherited)";
				PRODUCT_BUNDLE_IDENTIFIER = IoGInfrastructure;
				PRODUCT_MODULE_NAME = "$(TARGET_NAME:c99extidentifier)";
				PRODUCT_NAME = "$(TARGET_NAME:c99extidentifier)";
				SKIP_INSTALL = YES;
				SWIFT_ACTIVE_COMPILATION_CONDITIONS = "$(inherited)";
				SWIFT_VERSION = 5.0;
				TARGET_NAME = IoGInfrastructure;
				TVOS_DEPLOYMENT_TARGET = 13.0;
				WATCHOS_DEPLOYMENT_TARGET = 7.0;
			};
			name = Release;
		};
		OBJ_3 /* Debug */ = {
			isa = XCBuildConfiguration;
			buildSettings = {
				CLANG_ENABLE_OBJC_ARC = YES;
				CLANG_WARN_BLOCK_CAPTURE_AUTORELEASING = YES;
				CLANG_WARN_BOOL_CONVERSION = YES;
				CLANG_WARN_COMMA = YES;
				CLANG_WARN_CONSTANT_CONVERSION = YES;
				CLANG_WARN_DEPRECATED_OBJC_IMPLEMENTATIONS = YES;
				CLANG_WARN_EMPTY_BODY = YES;
				CLANG_WARN_ENUM_CONVERSION = YES;
				CLANG_WARN_INFINITE_RECURSION = YES;
				CLANG_WARN_INT_CONVERSION = YES;
				CLANG_WARN_NON_LITERAL_NULL_CONVERSION = YES;
				CLANG_WARN_OBJC_IMPLICIT_RETAIN_SELF = YES;
				CLANG_WARN_OBJC_LITERAL_CONVERSION = YES;
				CLANG_WARN_QUOTED_INCLUDE_IN_FRAMEWORK_HEADER = YES;
				CLANG_WARN_RANGE_LOOP_ANALYSIS = YES;
				CLANG_WARN_STRICT_PROTOTYPES = YES;
				CLANG_WARN_SUSPICIOUS_MOVE = YES;
				CLANG_WARN_UNREACHABLE_CODE = YES;
				CLANG_WARN__DUPLICATE_METHOD_MATCH = YES;
				COMBINE_HIDPI_IMAGES = YES;
				COPY_PHASE_STRIP = NO;
				DEBUG_INFORMATION_FORMAT = dwarf;
				DYLIB_INSTALL_NAME_BASE = "@rpath";
				ENABLE_NS_ASSERTIONS = YES;
				ENABLE_STRICT_OBJC_MSGSEND = YES;
				ENABLE_TESTABILITY = YES;
				GCC_NO_COMMON_BLOCKS = YES;
				GCC_OPTIMIZATION_LEVEL = 0;
				GCC_PREPROCESSOR_DEFINITIONS = (
					"$(inherited)",
					"SWIFT_PACKAGE=1",
					"DEBUG=1",
				);
				GCC_WARN_64_TO_32_BIT_CONVERSION = YES;
				GCC_WARN_ABOUT_RETURN_TYPE = YES;
				GCC_WARN_UNDECLARED_SELECTOR = YES;
				GCC_WARN_UNINITIALIZED_AUTOS = YES;
				GCC_WARN_UNUSED_FUNCTION = YES;
				GCC_WARN_UNUSED_VARIABLE = YES;
				IPHONEOS_DEPLOYMENT_TARGET = 13.0;
				MACOSX_DEPLOYMENT_TARGET = 10.10;
				ONLY_ACTIVE_ARCH = YES;
				OTHER_SWIFT_FLAGS = "$(inherited) -DXcode";
				PRODUCT_NAME = "$(TARGET_NAME)";
				SDKROOT = macosx;
				SUPPORTED_PLATFORMS = "$(AVAILABLE_PLATFORMS)";
				SUPPORTS_MACCATALYST = YES;
				SWIFT_ACTIVE_COMPILATION_CONDITIONS = "$(inherited) SWIFT_PACKAGE DEBUG";
				SWIFT_OPTIMIZATION_LEVEL = "-Onone";
				TVOS_DEPLOYMENT_TARGET = 13.0;
				USE_HEADERMAP = NO;
				WATCHOS_DEPLOYMENT_TARGET = 7.0;
			};
			name = Debug;
		};
		OBJ_35 /* Debug */ = {
			isa = XCBuildConfiguration;
			buildSettings = {
				LD = /usr/bin/true;
				MACOSX_DEPLOYMENT_TARGET = 10.10;
				OTHER_SWIFT_FLAGS = "-swift-version 5 -I $(TOOLCHAIN_DIR)/usr/lib/swift/pm/ManifestAPI -sdk /Applications/Xcode.app/Contents/Developer/Platforms/MacOSX.platform/Developer/SDKs/MacOSX12.3.sdk -package-description-version 5.6.0";
				PRODUCT_NAME = IoGInfrastructurePackageDescription;
				SWIFT_VERSION = 5.0;
			};
			name = Debug;
		};
		OBJ_36 /* Release */ = {
			isa = XCBuildConfiguration;
			buildSettings = {
				LD = /usr/bin/true;
				MACOSX_DEPLOYMENT_TARGET = 10.10;
				OTHER_SWIFT_FLAGS = "-swift-version 5 -I $(TOOLCHAIN_DIR)/usr/lib/swift/pm/ManifestAPI -sdk /Applications/Xcode.app/Contents/Developer/Platforms/MacOSX.platform/Developer/SDKs/MacOSX12.3.sdk -package-description-version 5.6.0";
				PRODUCT_NAME = IoGInfrastructurePackageDescription;
				SWIFT_VERSION = 5.0;
			};
			name = Release;
		};
		OBJ_4 /* Release */ = {
			isa = XCBuildConfiguration;
			buildSettings = {
				CLANG_ENABLE_OBJC_ARC = YES;
				CLANG_WARN_BLOCK_CAPTURE_AUTORELEASING = YES;
				CLANG_WARN_BOOL_CONVERSION = YES;
				CLANG_WARN_COMMA = YES;
				CLANG_WARN_CONSTANT_CONVERSION = YES;
				CLANG_WARN_DEPRECATED_OBJC_IMPLEMENTATIONS = YES;
				CLANG_WARN_EMPTY_BODY = YES;
				CLANG_WARN_ENUM_CONVERSION = YES;
				CLANG_WARN_INFINITE_RECURSION = YES;
				CLANG_WARN_INT_CONVERSION = YES;
				CLANG_WARN_NON_LITERAL_NULL_CONVERSION = YES;
				CLANG_WARN_OBJC_IMPLICIT_RETAIN_SELF = YES;
				CLANG_WARN_OBJC_LITERAL_CONVERSION = YES;
				CLANG_WARN_QUOTED_INCLUDE_IN_FRAMEWORK_HEADER = YES;
				CLANG_WARN_RANGE_LOOP_ANALYSIS = YES;
				CLANG_WARN_STRICT_PROTOTYPES = YES;
				CLANG_WARN_SUSPICIOUS_MOVE = YES;
				CLANG_WARN_UNREACHABLE_CODE = YES;
				CLANG_WARN__DUPLICATE_METHOD_MATCH = YES;
				COMBINE_HIDPI_IMAGES = YES;
				COPY_PHASE_STRIP = YES;
				DEBUG_INFORMATION_FORMAT = "dwarf-with-dsym";
				DYLIB_INSTALL_NAME_BASE = "@rpath";
				ENABLE_STRICT_OBJC_MSGSEND = YES;
				GCC_NO_COMMON_BLOCKS = YES;
				GCC_OPTIMIZATION_LEVEL = s;
				GCC_PREPROCESSOR_DEFINITIONS = (
					"$(inherited)",
					"SWIFT_PACKAGE=1",
				);
				GCC_WARN_64_TO_32_BIT_CONVERSION = YES;
				GCC_WARN_ABOUT_RETURN_TYPE = YES;
				GCC_WARN_UNDECLARED_SELECTOR = YES;
				GCC_WARN_UNINITIALIZED_AUTOS = YES;
				GCC_WARN_UNUSED_FUNCTION = YES;
				GCC_WARN_UNUSED_VARIABLE = YES;
				IPHONEOS_DEPLOYMENT_TARGET = 13.0;
				MACOSX_DEPLOYMENT_TARGET = 10.10;
				OTHER_SWIFT_FLAGS = "$(inherited) -DXcode";
				PRODUCT_NAME = "$(TARGET_NAME)";
				SDKROOT = macosx;
				SUPPORTED_PLATFORMS = "$(AVAILABLE_PLATFORMS)";
				SUPPORTS_MACCATALYST = YES;
				SWIFT_ACTIVE_COMPILATION_CONDITIONS = "$(inherited) SWIFT_PACKAGE";
				SWIFT_OPTIMIZATION_LEVEL = "-Owholemodule";
				TVOS_DEPLOYMENT_TARGET = 13.0;
				USE_HEADERMAP = NO;
				WATCHOS_DEPLOYMENT_TARGET = 7.0;
			};
			name = Release;
		};
		OBJ_41 /* Debug */ = {
			isa = XCBuildConfiguration;
			buildSettings = {
				PRODUCT_NAME = IoGInfrastructurePackageTests;
			};
			name = Debug;
		};
		OBJ_42 /* Release */ = {
			isa = XCBuildConfiguration;
			buildSettings = {
				PRODUCT_NAME = IoGInfrastructurePackageTests;
			};
			name = Release;
		};
		OBJ_46 /* Debug */ = {
			isa = XCBuildConfiguration;
			buildSettings = {
				ALWAYS_EMBED_SWIFT_STANDARD_LIBRARIES = YES;
				CLANG_ENABLE_MODULES = YES;
				CURRENT_PROJECT_VERSION = 1;
				DRIVERKIT_DEPLOYMENT_TARGET = 19.0;
				FRAMEWORK_SEARCH_PATHS = (
					"$(inherited)",
					"$(PLATFORM_DIR)/Developer/Library/Frameworks",
				);
				HEADER_SEARCH_PATHS = "$(inherited)";
				INFOPLIST_FILE = IoGInfrastructure.xcodeproj/IoGInfrastructureTests_Info.plist;
				IPHONEOS_DEPLOYMENT_TARGET = 13.0;
				LD_RUNPATH_SEARCH_PATHS = "$(inherited) @loader_path/../Frameworks @loader_path/Frameworks";
				MACOSX_DEPLOYMENT_TARGET = 10.10;
				OTHER_CFLAGS = "$(inherited)";
				OTHER_LDFLAGS = "$(inherited)";
				OTHER_SWIFT_FLAGS = "$(inherited)";
				SWIFT_ACTIVE_COMPILATION_CONDITIONS = "$(inherited)";
				SWIFT_VERSION = 5.0;
				TARGET_NAME = IoGInfrastructureTests;
				TVOS_DEPLOYMENT_TARGET = 13.0;
				WATCHOS_DEPLOYMENT_TARGET = 7.0;
			};
			name = Debug;
		};
		OBJ_47 /* Release */ = {
			isa = XCBuildConfiguration;
			buildSettings = {
				ALWAYS_EMBED_SWIFT_STANDARD_LIBRARIES = YES;
				CLANG_ENABLE_MODULES = YES;
				CURRENT_PROJECT_VERSION = 1;
				DRIVERKIT_DEPLOYMENT_TARGET = 19.0;
				FRAMEWORK_SEARCH_PATHS = (
					"$(inherited)",
					"$(PLATFORM_DIR)/Developer/Library/Frameworks",
				);
				HEADER_SEARCH_PATHS = "$(inherited)";
				INFOPLIST_FILE = IoGInfrastructure.xcodeproj/IoGInfrastructureTests_Info.plist;
				IPHONEOS_DEPLOYMENT_TARGET = 13.0;
				LD_RUNPATH_SEARCH_PATHS = "$(inherited) @loader_path/../Frameworks @loader_path/Frameworks";
				MACOSX_DEPLOYMENT_TARGET = 10.10;
				OTHER_CFLAGS = "$(inherited)";
				OTHER_LDFLAGS = "$(inherited)";
				OTHER_SWIFT_FLAGS = "$(inherited)";
				SWIFT_ACTIVE_COMPILATION_CONDITIONS = "$(inherited)";
				SWIFT_VERSION = 5.0;
				TARGET_NAME = IoGInfrastructureTests;
				TVOS_DEPLOYMENT_TARGET = 13.0;
				WATCHOS_DEPLOYMENT_TARGET = 7.0;
			};
			name = Release;
		};
/* End XCBuildConfiguration section */

/* Begin XCConfigurationList section */
		OBJ_2 /* Build configuration list for PBXProject "IoGInfrastructure" */ = {
			isa = XCConfigurationList;
			buildConfigurations = (
				OBJ_3 /* Debug */,
				OBJ_4 /* Release */,
			);
			defaultConfigurationIsVisible = 0;
			defaultConfigurationName = Release;
		};
		OBJ_27 /* Build configuration list for PBXNativeTarget "IoGInfrastructure" */ = {
			isa = XCConfigurationList;
			buildConfigurations = (
				OBJ_28 /* Debug */,
				OBJ_29 /* Release */,
			);
			defaultConfigurationIsVisible = 0;
			defaultConfigurationName = Release;
		};
		OBJ_34 /* Build configuration list for PBXNativeTarget "IoGInfrastructurePackageDescription" */ = {
			isa = XCConfigurationList;
			buildConfigurations = (
				OBJ_35 /* Debug */,
				OBJ_36 /* Release */,
			);
			defaultConfigurationIsVisible = 0;
			defaultConfigurationName = Release;
		};
		OBJ_40 /* Build configuration list for PBXAggregateTarget "IoGInfrastructurePackageTests" */ = {
			isa = XCConfigurationList;
			buildConfigurations = (
				OBJ_41 /* Debug */,
				OBJ_42 /* Release */,
			);
			defaultConfigurationIsVisible = 0;
			defaultConfigurationName = Release;
		};
		OBJ_45 /* Build configuration list for PBXNativeTarget "IoGInfrastructureTests" */ = {
			isa = XCConfigurationList;
			buildConfigurations = (
				OBJ_46 /* Debug */,
				OBJ_47 /* Release */,
			);
			defaultConfigurationIsVisible = 0;
			defaultConfigurationName = Release;
		};
/* End XCConfigurationList section */
	};
	rootObject = OBJ_1 /* Project object */;
}
